// !$*UTF8*$!
{
	archiveVersion = 1;
	classes = {
	};
	objectVersion = 56;
	objects = {

/* Begin PBXBuildFile section */
		899A5AB18AC631832180073D /* Pods_WeatherApp_WeatherAppUITests.framework in Frameworks */ = {isa = PBXBuildFile; fileRef = E5124303D89632118117DAA3 /* Pods_WeatherApp_WeatherAppUITests.framework */; };
		B62342C42AF25D8B00B49267 /* AppDelegate.swift in Sources */ = {isa = PBXBuildFile; fileRef = B62342C32AF25D8B00B49267 /* AppDelegate.swift */; };
		B62342C62AF25D8B00B49267 /* SceneDelegate.swift in Sources */ = {isa = PBXBuildFile; fileRef = B62342C52AF25D8B00B49267 /* SceneDelegate.swift */; };
		B62342C82AF25D8B00B49267 /* ViewController.swift in Sources */ = {isa = PBXBuildFile; fileRef = B62342C72AF25D8B00B49267 /* ViewController.swift */; };
		B62342CE2AF25D8B00B49267 /* WeatherApp.xcdatamodeld in Sources */ = {isa = PBXBuildFile; fileRef = B62342CC2AF25D8B00B49267 /* WeatherApp.xcdatamodeld */; };
		B62342D02AF25D8D00B49267 /* Assets.xcassets in Resources */ = {isa = PBXBuildFile; fileRef = B62342CF2AF25D8D00B49267 /* Assets.xcassets */; };
		B62342D32AF25D8D00B49267 /* LaunchScreen.storyboard in Resources */ = {isa = PBXBuildFile; fileRef = B62342D12AF25D8D00B49267 /* LaunchScreen.storyboard */; };
		B62342DE2AF25D8D00B49267 /* WeatherAppTests.swift in Sources */ = {isa = PBXBuildFile; fileRef = B62342DD2AF25D8D00B49267 /* WeatherAppTests.swift */; };
		B62342E82AF25D8D00B49267 /* WeatherAppUITests.swift in Sources */ = {isa = PBXBuildFile; fileRef = B62342E72AF25D8D00B49267 /* WeatherAppUITests.swift */; };
		B62342EA2AF25D8D00B49267 /* WeatherAppUITestsLaunchTests.swift in Sources */ = {isa = PBXBuildFile; fileRef = B62342E92AF25D8D00B49267 /* WeatherAppUITestsLaunchTests.swift */; };
		B62342F82AF2781100B49267 /* Coordinator.swift in Sources */ = {isa = PBXBuildFile; fileRef = B62342F72AF2781100B49267 /* Coordinator.swift */; };
		B62342FA2AF2789000B49267 /* AppCoordinator.swift in Sources */ = {isa = PBXBuildFile; fileRef = B62342F92AF2789000B49267 /* AppCoordinator.swift */; };
		B62343002AF2792800B49267 /* WeatherViewController.swift in Sources */ = {isa = PBXBuildFile; fileRef = B62342FF2AF2792800B49267 /* WeatherViewController.swift */; };
		B62343022AF2793800B49267 /* WeatherViewModel.swift in Sources */ = {isa = PBXBuildFile; fileRef = B62343012AF2793800B49267 /* WeatherViewModel.swift */; };
		B62343042AF279A700B49267 /* WeatherCoordinator.swift in Sources */ = {isa = PBXBuildFile; fileRef = B62343032AF279A700B49267 /* WeatherCoordinator.swift */; };
		B62343062AF27B8D00B49267 /* CitiesCoordinator.swift in Sources */ = {isa = PBXBuildFile; fileRef = B62343052AF27B8D00B49267 /* CitiesCoordinator.swift */; };
		B623430B2AF27BD000B49267 /* CitiesViewController.swift in Sources */ = {isa = PBXBuildFile; fileRef = B623430A2AF27BD000B49267 /* CitiesViewController.swift */; };
		B623430D2AF27BDC00B49267 /* CitiesViewModel.swift in Sources */ = {isa = PBXBuildFile; fileRef = B623430C2AF27BDC00B49267 /* CitiesViewModel.swift */; };
		B62343102AF28C9500B49267 /* NetworkService.swift in Sources */ = {isa = PBXBuildFile; fileRef = B623430F2AF28C9500B49267 /* NetworkService.swift */; };
		B62343142AF28CFB00B49267 /* Constants.swift in Sources */ = {isa = PBXBuildFile; fileRef = B62343132AF28CFA00B49267 /* Constants.swift */; };
		B62343162AF28D2900B49267 /* NetworkRouter.swift in Sources */ = {isa = PBXBuildFile; fileRef = B62343152AF28D2900B49267 /* NetworkRouter.swift */; };
		B62343182AF28FC800B49267 /* CurrentWeather.swift in Sources */ = {isa = PBXBuildFile; fileRef = B62343172AF28FC800B49267 /* CurrentWeather.swift */; };
		B623431A2AF3D7C900B49267 /* HourlyForecastsInfo.swift in Sources */ = {isa = PBXBuildFile; fileRef = B62343192AF3D7C900B49267 /* HourlyForecastsInfo.swift */; };
		B623431C2AF3D7EA00B49267 /* HourlyForecast.swift in Sources */ = {isa = PBXBuildFile; fileRef = B623431B2AF3D7EA00B49267 /* HourlyForecast.swift */; };
		B623431E2AF3E93500B49267 /* DailyForecastsInfo.swift in Sources */ = {isa = PBXBuildFile; fileRef = B623431D2AF3E93500B49267 /* DailyForecastsInfo.swift */; };
		B62343202AF3E95000B49267 /* DailyForecast.swift in Sources */ = {isa = PBXBuildFile; fileRef = B623431F2AF3E95000B49267 /* DailyForecast.swift */; };
		B62343222AF3F33F00B49267 /* WeatherItem.swift in Sources */ = {isa = PBXBuildFile; fileRef = B62343212AF3F33F00B49267 /* WeatherItem.swift */; };
		B62343252AF3F8B200B49267 /* HourlyForecastItem.swift in Sources */ = {isa = PBXBuildFile; fileRef = B62343242AF3F8B200B49267 /* HourlyForecastItem.swift */; };
		B62343272AF3F8F700B49267 /* DailyForecastItem.swift in Sources */ = {isa = PBXBuildFile; fileRef = B62343262AF3F8F700B49267 /* DailyForecastItem.swift */; };
		B63CAC5D2AF7B44900CAFC23 /* WeatherSectionBackgroundView.swift in Sources */ = {isa = PBXBuildFile; fileRef = B63CAC5C2AF7B44900CAFC23 /* WeatherSectionBackgroundView.swift */; };
		B63CAC612AF7B64200CAFC23 /* SupplementaryViewKind.swift in Sources */ = {isa = PBXBuildFile; fileRef = B63CAC602AF7B64200CAFC23 /* SupplementaryViewKind.swift */; };
		B63CAC642AF7B91800CAFC23 /* DecorationViewKind.swift in Sources */ = {isa = PBXBuildFile; fileRef = B63CAC632AF7B91800CAFC23 /* DecorationViewKind.swift */; };
		B63CAC662AF7C49700CAFC23 /* WeatherLineView.swift in Sources */ = {isa = PBXBuildFile; fileRef = B63CAC652AF7C49700CAFC23 /* WeatherLineView.swift */; };
		B63CAC6A2AF7CD1D00CAFC23 /* DailyForecastCollectionViewCell.swift in Sources */ = {isa = PBXBuildFile; fileRef = B63CAC692AF7CD1D00CAFC23 /* DailyForecastCollectionViewCell.swift */; };
		B64E3C202AF65A7500C55AB4 /* WeatherSectionHeaderView.swift in Sources */ = {isa = PBXBuildFile; fileRef = B64E3C1F2AF65A7500C55AB4 /* WeatherSectionHeaderView.swift */; };
		B685D4BF2AF4F873005F9C33 /* HourlyForecastCollectionViewCell.swift in Sources */ = {isa = PBXBuildFile; fileRef = B685D4BE2AF4F873005F9C33 /* HourlyForecastCollectionViewCell.swift */; };
		B685D4C32AF53F0F005F9C33 /* WeatherIDtoIconNameMapping.swift in Sources */ = {isa = PBXBuildFile; fileRef = B685D4C22AF53F0F005F9C33 /* WeatherIDtoIconNameMapping.swift */; };
		B685D4C52AF643F1005F9C33 /* WeatherSectionIdentifier.swift in Sources */ = {isa = PBXBuildFile; fileRef = B685D4C42AF643F1005F9C33 /* WeatherSectionIdentifier.swift */; };
		B685D4C72AF645F2005F9C33 /* WeatherItemIdentifier.swift in Sources */ = {isa = PBXBuildFile; fileRef = B685D4C62AF645F2005F9C33 /* WeatherItemIdentifier.swift */; };
		B6BBABCF2AF9647F00A25939 /* SquareCollectionViewCell.swift in Sources */ = {isa = PBXBuildFile; fileRef = B6BBABCE2AF9647F00A25939 /* SquareCollectionViewCell.swift */; };
		B6BBABD12AF96C6A00A25939 /* FeelsTemperatureItem.swift in Sources */ = {isa = PBXBuildFile; fileRef = B6BBABD02AF96C6A00A25939 /* FeelsTemperatureItem.swift */; };
		B6CA3A312AFBA45A003BEF55 /* VisibilityItem.swift in Sources */ = {isa = PBXBuildFile; fileRef = B6CA3A302AFBA45A003BEF55 /* VisibilityItem.swift */; };
		B6CA3A332AFBAE9E003BEF55 /* VisibilityDescription.swift in Sources */ = {isa = PBXBuildFile; fileRef = B6CA3A322AFBAE9E003BEF55 /* VisibilityDescription.swift */; };
		B6CA3A352AFBBBC1003BEF55 /* FeelsTemperatureDescription.swift in Sources */ = {isa = PBXBuildFile; fileRef = B6CA3A342AFBBBC0003BEF55 /* FeelsTemperatureDescription.swift */; };
		B6CA3A372AFC17B3003BEF55 /* SquareItemIdentifier.swift in Sources */ = {isa = PBXBuildFile; fileRef = B6CA3A362AFC17B3003BEF55 /* SquareItemIdentifier.swift */; };
		B6CA3A392AFC1CD5003BEF55 /* SunItem.swift in Sources */ = {isa = PBXBuildFile; fileRef = B6CA3A382AFC1CD5003BEF55 /* SunItem.swift */; };
		B6CA3A3B2AFC2267003BEF55 /* HumidityItem.swift in Sources */ = {isa = PBXBuildFile; fileRef = B6CA3A3A2AFC2267003BEF55 /* HumidityItem.swift */; };
		B6CA3A3D2AFC26B8003BEF55 /* PressureItem.swift in Sources */ = {isa = PBXBuildFile; fileRef = B6CA3A3C2AFC26B8003BEF55 /* PressureItem.swift */; };
		B6CA3A3F2AFCD766003BEF55 /* PrecipitationItem.swift in Sources */ = {isa = PBXBuildFile; fileRef = B6CA3A3E2AFCD766003BEF55 /* PrecipitationItem.swift */; };
		B6CA3A412AFCE206003BEF55 /* ExpectedPrecipitation.swift in Sources */ = {isa = PBXBuildFile; fileRef = B6CA3A402AFCE206003BEF55 /* ExpectedPrecipitation.swift */; };
		B6CA3A432AFD1575003BEF55 /* WindItem.swift in Sources */ = {isa = PBXBuildFile; fileRef = B6CA3A422AFD1575003BEF55 /* WindItem.swift */; };
		B6CA3A452AFD6305003BEF55 /* WindMiniCellView.swift in Sources */ = {isa = PBXBuildFile; fileRef = B6CA3A442AFD6305003BEF55 /* WindMiniCellView.swift */; };
		B6CA3A4A2AFD6D15003BEF55 /* SquareItemHeaderView.swift in Sources */ = {isa = PBXBuildFile; fileRef = B6CA3A492AFD6D15003BEF55 /* SquareItemHeaderView.swift */; };
		B6CA3A4C2B025B7E003BEF55 /* SquareItemFooterView.swift in Sources */ = {isa = PBXBuildFile; fileRef = B6CA3A4B2B025B7E003BEF55 /* SquareItemFooterView.swift */; };
		B6CA3A4E2B027392003BEF55 /* SquareItemMainView.swift in Sources */ = {isa = PBXBuildFile; fileRef = B6CA3A4D2B027392003BEF55 /* SquareItemMainView.swift */; };
		B6F0E6F32AF814FF006B3CC8 /* WindCollectionViewCell.swift in Sources */ = {isa = PBXBuildFile; fileRef = B6F0E6F22AF814FF006B3CC8 /* WindCollectionViewCell.swift */; };
		C286AAC3575DCA167F5D8809 /* Pods_WeatherAppTests.framework in Frameworks */ = {isa = PBXBuildFile; fileRef = 86C12DCE5853D0C305BB489B /* Pods_WeatherAppTests.framework */; };
		E5177E4152250236B81A6C63 /* Pods_WeatherApp.framework in Frameworks */ = {isa = PBXBuildFile; fileRef = 476B47FFE0A097661D5869F7 /* Pods_WeatherApp.framework */; };
/* End PBXBuildFile section */

/* Begin PBXContainerItemProxy section */
		B62342DA2AF25D8D00B49267 /* PBXContainerItemProxy */ = {
			isa = PBXContainerItemProxy;
			containerPortal = B62342B82AF25D8B00B49267 /* Project object */;
			proxyType = 1;
			remoteGlobalIDString = B62342BF2AF25D8B00B49267;
			remoteInfo = WeatherApp;
		};
		B62342E42AF25D8D00B49267 /* PBXContainerItemProxy */ = {
			isa = PBXContainerItemProxy;
			containerPortal = B62342B82AF25D8B00B49267 /* Project object */;
			proxyType = 1;
			remoteGlobalIDString = B62342BF2AF25D8B00B49267;
			remoteInfo = WeatherApp;
		};
/* End PBXContainerItemProxy section */

/* Begin PBXFileReference section */
		1A5155FBE1165054DD5808A5 /* Pods-WeatherAppTests.release.xcconfig */ = {isa = PBXFileReference; includeInIndex = 1; lastKnownFileType = text.xcconfig; name = "Pods-WeatherAppTests.release.xcconfig"; path = "Target Support Files/Pods-WeatherAppTests/Pods-WeatherAppTests.release.xcconfig"; sourceTree = "<group>"; };
		476B47FFE0A097661D5869F7 /* Pods_WeatherApp.framework */ = {isa = PBXFileReference; explicitFileType = wrapper.framework; includeInIndex = 0; path = Pods_WeatherApp.framework; sourceTree = BUILT_PRODUCTS_DIR; };
		4FC5082ED252028379C903A1 /* Pods-WeatherApp.debug.xcconfig */ = {isa = PBXFileReference; includeInIndex = 1; lastKnownFileType = text.xcconfig; name = "Pods-WeatherApp.debug.xcconfig"; path = "Target Support Files/Pods-WeatherApp/Pods-WeatherApp.debug.xcconfig"; sourceTree = "<group>"; };
		86C12DCE5853D0C305BB489B /* Pods_WeatherAppTests.framework */ = {isa = PBXFileReference; explicitFileType = wrapper.framework; includeInIndex = 0; path = Pods_WeatherAppTests.framework; sourceTree = BUILT_PRODUCTS_DIR; };
		A2D80A100E8935BDFBC6DE68 /* Pods-WeatherAppTests.debug.xcconfig */ = {isa = PBXFileReference; includeInIndex = 1; lastKnownFileType = text.xcconfig; name = "Pods-WeatherAppTests.debug.xcconfig"; path = "Target Support Files/Pods-WeatherAppTests/Pods-WeatherAppTests.debug.xcconfig"; sourceTree = "<group>"; };
		B4E52C55376BD26C44D95C0F /* Pods-WeatherApp-WeatherAppUITests.debug.xcconfig */ = {isa = PBXFileReference; includeInIndex = 1; lastKnownFileType = text.xcconfig; name = "Pods-WeatherApp-WeatherAppUITests.debug.xcconfig"; path = "Target Support Files/Pods-WeatherApp-WeatherAppUITests/Pods-WeatherApp-WeatherAppUITests.debug.xcconfig"; sourceTree = "<group>"; };
		B62342C02AF25D8B00B49267 /* WeatherApp.app */ = {isa = PBXFileReference; explicitFileType = wrapper.application; includeInIndex = 0; path = WeatherApp.app; sourceTree = BUILT_PRODUCTS_DIR; };
		B62342C32AF25D8B00B49267 /* AppDelegate.swift */ = {isa = PBXFileReference; lastKnownFileType = sourcecode.swift; path = AppDelegate.swift; sourceTree = "<group>"; };
		B62342C52AF25D8B00B49267 /* SceneDelegate.swift */ = {isa = PBXFileReference; lastKnownFileType = sourcecode.swift; path = SceneDelegate.swift; sourceTree = "<group>"; };
		B62342C72AF25D8B00B49267 /* ViewController.swift */ = {isa = PBXFileReference; lastKnownFileType = sourcecode.swift; path = ViewController.swift; sourceTree = "<group>"; };
		B62342CD2AF25D8B00B49267 /* WeatherApp.xcdatamodel */ = {isa = PBXFileReference; lastKnownFileType = wrapper.xcdatamodel; path = WeatherApp.xcdatamodel; sourceTree = "<group>"; };
		B62342CF2AF25D8D00B49267 /* Assets.xcassets */ = {isa = PBXFileReference; lastKnownFileType = folder.assetcatalog; path = Assets.xcassets; sourceTree = "<group>"; };
		B62342D22AF25D8D00B49267 /* Base */ = {isa = PBXFileReference; lastKnownFileType = file.storyboard; name = Base; path = Base.lproj/LaunchScreen.storyboard; sourceTree = "<group>"; };
		B62342D42AF25D8D00B49267 /* Info.plist */ = {isa = PBXFileReference; lastKnownFileType = text.plist.xml; path = Info.plist; sourceTree = "<group>"; };
		B62342D92AF25D8D00B49267 /* WeatherAppTests.xctest */ = {isa = PBXFileReference; explicitFileType = wrapper.cfbundle; includeInIndex = 0; path = WeatherAppTests.xctest; sourceTree = BUILT_PRODUCTS_DIR; };
		B62342DD2AF25D8D00B49267 /* WeatherAppTests.swift */ = {isa = PBXFileReference; lastKnownFileType = sourcecode.swift; path = WeatherAppTests.swift; sourceTree = "<group>"; };
		B62342E32AF25D8D00B49267 /* WeatherAppUITests.xctest */ = {isa = PBXFileReference; explicitFileType = wrapper.cfbundle; includeInIndex = 0; path = WeatherAppUITests.xctest; sourceTree = BUILT_PRODUCTS_DIR; };
		B62342E72AF25D8D00B49267 /* WeatherAppUITests.swift */ = {isa = PBXFileReference; lastKnownFileType = sourcecode.swift; path = WeatherAppUITests.swift; sourceTree = "<group>"; };
		B62342E92AF25D8D00B49267 /* WeatherAppUITestsLaunchTests.swift */ = {isa = PBXFileReference; lastKnownFileType = sourcecode.swift; path = WeatherAppUITestsLaunchTests.swift; sourceTree = "<group>"; };
		B62342F72AF2781100B49267 /* Coordinator.swift */ = {isa = PBXFileReference; lastKnownFileType = sourcecode.swift; path = Coordinator.swift; sourceTree = "<group>"; };
		B62342F92AF2789000B49267 /* AppCoordinator.swift */ = {isa = PBXFileReference; lastKnownFileType = sourcecode.swift; path = AppCoordinator.swift; sourceTree = "<group>"; };
		B62342FF2AF2792800B49267 /* WeatherViewController.swift */ = {isa = PBXFileReference; lastKnownFileType = sourcecode.swift; path = WeatherViewController.swift; sourceTree = "<group>"; };
		B62343012AF2793800B49267 /* WeatherViewModel.swift */ = {isa = PBXFileReference; lastKnownFileType = sourcecode.swift; path = WeatherViewModel.swift; sourceTree = "<group>"; };
		B62343032AF279A700B49267 /* WeatherCoordinator.swift */ = {isa = PBXFileReference; lastKnownFileType = sourcecode.swift; path = WeatherCoordinator.swift; sourceTree = "<group>"; };
		B62343052AF27B8D00B49267 /* CitiesCoordinator.swift */ = {isa = PBXFileReference; lastKnownFileType = sourcecode.swift; path = CitiesCoordinator.swift; sourceTree = "<group>"; };
		B623430A2AF27BD000B49267 /* CitiesViewController.swift */ = {isa = PBXFileReference; lastKnownFileType = sourcecode.swift; path = CitiesViewController.swift; sourceTree = "<group>"; };
		B623430C2AF27BDC00B49267 /* CitiesViewModel.swift */ = {isa = PBXFileReference; lastKnownFileType = sourcecode.swift; path = CitiesViewModel.swift; sourceTree = "<group>"; };
		B623430F2AF28C9500B49267 /* NetworkService.swift */ = {isa = PBXFileReference; lastKnownFileType = sourcecode.swift; path = NetworkService.swift; sourceTree = "<group>"; };
		B62343132AF28CFA00B49267 /* Constants.swift */ = {isa = PBXFileReference; lastKnownFileType = sourcecode.swift; path = Constants.swift; sourceTree = "<group>"; };
		B62343152AF28D2900B49267 /* NetworkRouter.swift */ = {isa = PBXFileReference; lastKnownFileType = sourcecode.swift; path = NetworkRouter.swift; sourceTree = "<group>"; };
		B62343172AF28FC800B49267 /* CurrentWeather.swift */ = {isa = PBXFileReference; lastKnownFileType = sourcecode.swift; path = CurrentWeather.swift; sourceTree = "<group>"; };
		B62343192AF3D7C900B49267 /* HourlyForecastsInfo.swift */ = {isa = PBXFileReference; lastKnownFileType = sourcecode.swift; path = HourlyForecastsInfo.swift; sourceTree = "<group>"; };
		B623431B2AF3D7EA00B49267 /* HourlyForecast.swift */ = {isa = PBXFileReference; lastKnownFileType = sourcecode.swift; path = HourlyForecast.swift; sourceTree = "<group>"; };
		B623431D2AF3E93500B49267 /* DailyForecastsInfo.swift */ = {isa = PBXFileReference; lastKnownFileType = sourcecode.swift; path = DailyForecastsInfo.swift; sourceTree = "<group>"; };
		B623431F2AF3E95000B49267 /* DailyForecast.swift */ = {isa = PBXFileReference; lastKnownFileType = sourcecode.swift; path = DailyForecast.swift; sourceTree = "<group>"; };
		B62343212AF3F33F00B49267 /* WeatherItem.swift */ = {isa = PBXFileReference; lastKnownFileType = sourcecode.swift; path = WeatherItem.swift; sourceTree = "<group>"; };
		B62343242AF3F8B200B49267 /* HourlyForecastItem.swift */ = {isa = PBXFileReference; lastKnownFileType = sourcecode.swift; path = HourlyForecastItem.swift; sourceTree = "<group>"; };
		B62343262AF3F8F700B49267 /* DailyForecastItem.swift */ = {isa = PBXFileReference; lastKnownFileType = sourcecode.swift; path = DailyForecastItem.swift; sourceTree = "<group>"; };
		B63CAC5C2AF7B44900CAFC23 /* WeatherSectionBackgroundView.swift */ = {isa = PBXFileReference; lastKnownFileType = sourcecode.swift; path = WeatherSectionBackgroundView.swift; sourceTree = "<group>"; };
		B63CAC602AF7B64200CAFC23 /* SupplementaryViewKind.swift */ = {isa = PBXFileReference; lastKnownFileType = sourcecode.swift; path = SupplementaryViewKind.swift; sourceTree = "<group>"; };
		B63CAC632AF7B91800CAFC23 /* DecorationViewKind.swift */ = {isa = PBXFileReference; lastKnownFileType = sourcecode.swift; path = DecorationViewKind.swift; sourceTree = "<group>"; };
		B63CAC652AF7C49700CAFC23 /* WeatherLineView.swift */ = {isa = PBXFileReference; lastKnownFileType = sourcecode.swift; path = WeatherLineView.swift; sourceTree = "<group>"; };
		B63CAC692AF7CD1D00CAFC23 /* DailyForecastCollectionViewCell.swift */ = {isa = PBXFileReference; lastKnownFileType = sourcecode.swift; path = DailyForecastCollectionViewCell.swift; sourceTree = "<group>"; };
		B64E3C1F2AF65A7500C55AB4 /* WeatherSectionHeaderView.swift */ = {isa = PBXFileReference; lastKnownFileType = sourcecode.swift; path = WeatherSectionHeaderView.swift; sourceTree = "<group>"; };
		B685D4BE2AF4F873005F9C33 /* HourlyForecastCollectionViewCell.swift */ = {isa = PBXFileReference; lastKnownFileType = sourcecode.swift; path = HourlyForecastCollectionViewCell.swift; sourceTree = "<group>"; };
		B685D4C22AF53F0F005F9C33 /* WeatherIDtoIconNameMapping.swift */ = {isa = PBXFileReference; lastKnownFileType = sourcecode.swift; path = WeatherIDtoIconNameMapping.swift; sourceTree = "<group>"; };
		B685D4C42AF643F1005F9C33 /* WeatherSectionIdentifier.swift */ = {isa = PBXFileReference; lastKnownFileType = sourcecode.swift; path = WeatherSectionIdentifier.swift; sourceTree = "<group>"; };
		B685D4C62AF645F2005F9C33 /* WeatherItemIdentifier.swift */ = {isa = PBXFileReference; lastKnownFileType = sourcecode.swift; path = WeatherItemIdentifier.swift; sourceTree = "<group>"; };
		B6BBABCE2AF9647F00A25939 /* SquareCollectionViewCell.swift */ = {isa = PBXFileReference; lastKnownFileType = sourcecode.swift; path = SquareCollectionViewCell.swift; sourceTree = "<group>"; };
		B6BBABD02AF96C6A00A25939 /* FeelsTemperatureItem.swift */ = {isa = PBXFileReference; lastKnownFileType = sourcecode.swift; path = FeelsTemperatureItem.swift; sourceTree = "<group>"; };
		B6CA3A302AFBA45A003BEF55 /* VisibilityItem.swift */ = {isa = PBXFileReference; lastKnownFileType = sourcecode.swift; path = VisibilityItem.swift; sourceTree = "<group>"; };
		B6CA3A322AFBAE9E003BEF55 /* VisibilityDescription.swift */ = {isa = PBXFileReference; lastKnownFileType = sourcecode.swift; path = VisibilityDescription.swift; sourceTree = "<group>"; };
		B6CA3A342AFBBBC0003BEF55 /* FeelsTemperatureDescription.swift */ = {isa = PBXFileReference; lastKnownFileType = sourcecode.swift; path = FeelsTemperatureDescription.swift; sourceTree = "<group>"; };
		B6CA3A362AFC17B3003BEF55 /* SquareItemIdentifier.swift */ = {isa = PBXFileReference; lastKnownFileType = sourcecode.swift; path = SquareItemIdentifier.swift; sourceTree = "<group>"; };
		B6CA3A382AFC1CD5003BEF55 /* SunItem.swift */ = {isa = PBXFileReference; lastKnownFileType = sourcecode.swift; path = SunItem.swift; sourceTree = "<group>"; };
		B6CA3A3A2AFC2267003BEF55 /* HumidityItem.swift */ = {isa = PBXFileReference; lastKnownFileType = sourcecode.swift; path = HumidityItem.swift; sourceTree = "<group>"; };
		B6CA3A3C2AFC26B8003BEF55 /* PressureItem.swift */ = {isa = PBXFileReference; lastKnownFileType = sourcecode.swift; path = PressureItem.swift; sourceTree = "<group>"; };
		B6CA3A3E2AFCD766003BEF55 /* PrecipitationItem.swift */ = {isa = PBXFileReference; lastKnownFileType = sourcecode.swift; path = PrecipitationItem.swift; sourceTree = "<group>"; };
		B6CA3A402AFCE206003BEF55 /* ExpectedPrecipitation.swift */ = {isa = PBXFileReference; lastKnownFileType = sourcecode.swift; path = ExpectedPrecipitation.swift; sourceTree = "<group>"; };
		B6CA3A422AFD1575003BEF55 /* WindItem.swift */ = {isa = PBXFileReference; lastKnownFileType = sourcecode.swift; path = WindItem.swift; sourceTree = "<group>"; };
		B6CA3A442AFD6305003BEF55 /* WindMiniCellView.swift */ = {isa = PBXFileReference; lastKnownFileType = sourcecode.swift; path = WindMiniCellView.swift; sourceTree = "<group>"; };
		B6CA3A492AFD6D15003BEF55 /* SquareItemHeaderView.swift */ = {isa = PBXFileReference; lastKnownFileType = sourcecode.swift; path = SquareItemHeaderView.swift; sourceTree = "<group>"; };
		B6CA3A4B2B025B7E003BEF55 /* SquareItemFooterView.swift */ = {isa = PBXFileReference; lastKnownFileType = sourcecode.swift; path = SquareItemFooterView.swift; sourceTree = "<group>"; };
		B6CA3A4D2B027392003BEF55 /* SquareItemMainView.swift */ = {isa = PBXFileReference; lastKnownFileType = sourcecode.swift; path = SquareItemMainView.swift; sourceTree = "<group>"; };
		B6F0E6F22AF814FF006B3CC8 /* WindCollectionViewCell.swift */ = {isa = PBXFileReference; lastKnownFileType = sourcecode.swift; path = WindCollectionViewCell.swift; sourceTree = "<group>"; };
		BBCCBE7C76EA1B1018ECD4D7 /* Pods-WeatherApp.release.xcconfig */ = {isa = PBXFileReference; includeInIndex = 1; lastKnownFileType = text.xcconfig; name = "Pods-WeatherApp.release.xcconfig"; path = "Target Support Files/Pods-WeatherApp/Pods-WeatherApp.release.xcconfig"; sourceTree = "<group>"; };
		E5124303D89632118117DAA3 /* Pods_WeatherApp_WeatherAppUITests.framework */ = {isa = PBXFileReference; explicitFileType = wrapper.framework; includeInIndex = 0; path = Pods_WeatherApp_WeatherAppUITests.framework; sourceTree = BUILT_PRODUCTS_DIR; };
		F7C8A3587827DF5A7A00F1A6 /* Pods-WeatherApp-WeatherAppUITests.release.xcconfig */ = {isa = PBXFileReference; includeInIndex = 1; lastKnownFileType = text.xcconfig; name = "Pods-WeatherApp-WeatherAppUITests.release.xcconfig"; path = "Target Support Files/Pods-WeatherApp-WeatherAppUITests/Pods-WeatherApp-WeatherAppUITests.release.xcconfig"; sourceTree = "<group>"; };
/* End PBXFileReference section */

/* Begin PBXFrameworksBuildPhase section */
		B62342BD2AF25D8B00B49267 /* Frameworks */ = {
			isa = PBXFrameworksBuildPhase;
			buildActionMask = 2147483647;
			files = (
				E5177E4152250236B81A6C63 /* Pods_WeatherApp.framework in Frameworks */,
			);
			runOnlyForDeploymentPostprocessing = 0;
		};
		B62342D62AF25D8D00B49267 /* Frameworks */ = {
			isa = PBXFrameworksBuildPhase;
			buildActionMask = 2147483647;
			files = (
				C286AAC3575DCA167F5D8809 /* Pods_WeatherAppTests.framework in Frameworks */,
			);
			runOnlyForDeploymentPostprocessing = 0;
		};
		B62342E02AF25D8D00B49267 /* Frameworks */ = {
			isa = PBXFrameworksBuildPhase;
			buildActionMask = 2147483647;
			files = (
				899A5AB18AC631832180073D /* Pods_WeatherApp_WeatherAppUITests.framework in Frameworks */,
			);
			runOnlyForDeploymentPostprocessing = 0;
		};
/* End PBXFrameworksBuildPhase section */

/* Begin PBXGroup section */
		B62342B72AF25D8B00B49267 = {
			isa = PBXGroup;
			children = (
				B62342C22AF25D8B00B49267 /* WeatherApp */,
				B62342DC2AF25D8D00B49267 /* WeatherAppTests */,
				B62342E62AF25D8D00B49267 /* WeatherAppUITests */,
				B62342C12AF25D8B00B49267 /* Products */,
				D592CBC69FBB932F5B86243C /* Pods */,
				D5E6EE4E01B4E54DE3E71B65 /* Frameworks */,
			);
			sourceTree = "<group>";
		};
		B62342C12AF25D8B00B49267 /* Products */ = {
			isa = PBXGroup;
			children = (
				B62342C02AF25D8B00B49267 /* WeatherApp.app */,
				B62342D92AF25D8D00B49267 /* WeatherAppTests.xctest */,
				B62342E32AF25D8D00B49267 /* WeatherAppUITests.xctest */,
			);
			name = Products;
			sourceTree = "<group>";
		};
		B62342C22AF25D8B00B49267 /* WeatherApp */ = {
			isa = PBXGroup;
			children = (
				B62342C32AF25D8B00B49267 /* AppDelegate.swift */,
				B62342C52AF25D8B00B49267 /* SceneDelegate.swift */,
				B62342C72AF25D8B00B49267 /* ViewController.swift */,
				B62342CF2AF25D8D00B49267 /* Assets.xcassets */,
				B62342D12AF25D8D00B49267 /* LaunchScreen.storyboard */,
				B62342D42AF25D8D00B49267 /* Info.plist */,
				B62342CC2AF25D8B00B49267 /* WeatherApp.xcdatamodeld */,
				B62343122AF28CEE00B49267 /* Utils */,
				B62343072AF27BA800B49267 /* CitiesModule */,
				B62342FB2AF278EC00B49267 /* WeatherModule */,
				B62343112AF28CD300B49267 /* Models */,
				B623430E2AF28C8100B49267 /* Services */,
				B62342F62AF2780400B49267 /* Coordinators */,
			);
			path = WeatherApp;
			sourceTree = "<group>";
		};
		B62342DC2AF25D8D00B49267 /* WeatherAppTests */ = {
			isa = PBXGroup;
			children = (
				B62342DD2AF25D8D00B49267 /* WeatherAppTests.swift */,
			);
			path = WeatherAppTests;
			sourceTree = "<group>";
		};
		B62342E62AF25D8D00B49267 /* WeatherAppUITests */ = {
			isa = PBXGroup;
			children = (
				B62342E72AF25D8D00B49267 /* WeatherAppUITests.swift */,
				B62342E92AF25D8D00B49267 /* WeatherAppUITestsLaunchTests.swift */,
			);
			path = WeatherAppUITests;
			sourceTree = "<group>";
		};
		B62342F62AF2780400B49267 /* Coordinators */ = {
			isa = PBXGroup;
			children = (
				B62342F72AF2781100B49267 /* Coordinator.swift */,
				B62342F92AF2789000B49267 /* AppCoordinator.swift */,
				B62343032AF279A700B49267 /* WeatherCoordinator.swift */,
				B62343052AF27B8D00B49267 /* CitiesCoordinator.swift */,
			);
			path = Coordinators;
			sourceTree = "<group>";
		};
		B62342FB2AF278EC00B49267 /* WeatherModule */ = {
			isa = PBXGroup;
			children = (
				B62342FE2AF2790C00B49267 /* View */,
				B62342FC2AF278FD00B49267 /* ViewModel */,
			);
			path = WeatherModule;
			sourceTree = "<group>";
		};
		B62342FC2AF278FD00B49267 /* ViewModel */ = {
			isa = PBXGroup;
			children = (
				B63CAC5F2AF7B61C00CAFC23 /* Helpers */,
				B62343012AF2793800B49267 /* WeatherViewModel.swift */,
			);
			path = ViewModel;
			sourceTree = "<group>";
		};
		B62342FE2AF2790C00B49267 /* View */ = {
			isa = PBXGroup;
			children = (
				B62342FF2AF2792800B49267 /* WeatherViewController.swift */,
				B63CAC622AF7B8F100CAFC23 /* DecorationViews */,
				B64E3C1E2AF659BC00C55AB4 /* SupplementaryViews */,
				B685D4BD2AF4F83F005F9C33 /* Cells */,
			);
			path = View;
			sourceTree = "<group>";
		};
		B62343072AF27BA800B49267 /* CitiesModule */ = {
			isa = PBXGroup;
			children = (
				B62343092AF27BBC00B49267 /* View */,
				B62343082AF27BB000B49267 /* ViewModel */,
			);
			path = CitiesModule;
			sourceTree = "<group>";
		};
		B62343082AF27BB000B49267 /* ViewModel */ = {
			isa = PBXGroup;
			children = (
				B623430C2AF27BDC00B49267 /* CitiesViewModel.swift */,
			);
			path = ViewModel;
			sourceTree = "<group>";
		};
		B62343092AF27BBC00B49267 /* View */ = {
			isa = PBXGroup;
			children = (
				B623430A2AF27BD000B49267 /* CitiesViewController.swift */,
			);
			path = View;
			sourceTree = "<group>";
		};
		B623430E2AF28C8100B49267 /* Services */ = {
			isa = PBXGroup;
			children = (
				B623430F2AF28C9500B49267 /* NetworkService.swift */,
			);
			path = Services;
			sourceTree = "<group>";
		};
		B62343112AF28CD300B49267 /* Models */ = {
			isa = PBXGroup;
			children = (
				B62343232AF3F8A200B49267 /* WeatherItems */,
				B62343172AF28FC800B49267 /* CurrentWeather.swift */,
				B62343192AF3D7C900B49267 /* HourlyForecastsInfo.swift */,
				B623431B2AF3D7EA00B49267 /* HourlyForecast.swift */,
				B623431D2AF3E93500B49267 /* DailyForecastsInfo.swift */,
				B623431F2AF3E95000B49267 /* DailyForecast.swift */,
			);
			path = Models;
			sourceTree = "<group>";
		};
		B62343122AF28CEE00B49267 /* Utils */ = {
			isa = PBXGroup;
			children = (
				B62343132AF28CFA00B49267 /* Constants.swift */,
				B62343152AF28D2900B49267 /* NetworkRouter.swift */,
				B685D4C22AF53F0F005F9C33 /* WeatherIDtoIconNameMapping.swift */,
			);
			path = Utils;
			sourceTree = "<group>";
		};
		B62343232AF3F8A200B49267 /* WeatherItems */ = {
			isa = PBXGroup;
			children = (
				B6CA3A462AFD63D7003BEF55 /* Helpers */,
				B62343212AF3F33F00B49267 /* WeatherItem.swift */,
				B62343242AF3F8B200B49267 /* HourlyForecastItem.swift */,
				B62343262AF3F8F700B49267 /* DailyForecastItem.swift */,
				B6BBABD02AF96C6A00A25939 /* FeelsTemperatureItem.swift */,
				B6CA3A422AFD1575003BEF55 /* WindItem.swift */,
				B6CA3A302AFBA45A003BEF55 /* VisibilityItem.swift */,
				B6CA3A382AFC1CD5003BEF55 /* SunItem.swift */,
				B6CA3A3A2AFC2267003BEF55 /* HumidityItem.swift */,
				B6CA3A3C2AFC26B8003BEF55 /* PressureItem.swift */,
				B6CA3A3E2AFCD766003BEF55 /* PrecipitationItem.swift */,
			);
			path = WeatherItems;
			sourceTree = "<group>";
		};
		B63CAC5F2AF7B61C00CAFC23 /* Helpers */ = {
			isa = PBXGroup;
			children = (
				B685D4C42AF643F1005F9C33 /* WeatherSectionIdentifier.swift */,
				B685D4C62AF645F2005F9C33 /* WeatherItemIdentifier.swift */,
				B6CA3A362AFC17B3003BEF55 /* SquareItemIdentifier.swift */,
			);
			path = Helpers;
			sourceTree = "<group>";
		};
		B63CAC622AF7B8F100CAFC23 /* DecorationViews */ = {
			isa = PBXGroup;
			children = (
				B63CAC632AF7B91800CAFC23 /* DecorationViewKind.swift */,
				B63CAC5C2AF7B44900CAFC23 /* WeatherSectionBackgroundView.swift */,
			);
			path = DecorationViews;
			sourceTree = "<group>";
		};
		B64E3C1E2AF659BC00C55AB4 /* SupplementaryViews */ = {
			isa = PBXGroup;
			children = (
				B63CAC602AF7B64200CAFC23 /* SupplementaryViewKind.swift */,
				B64E3C1F2AF65A7500C55AB4 /* WeatherSectionHeaderView.swift */,
				B63CAC652AF7C49700CAFC23 /* WeatherLineView.swift */,
			);
			path = SupplementaryViews;
			sourceTree = "<group>";
		};
		B685D4BD2AF4F83F005F9C33 /* Cells */ = {
			isa = PBXGroup;
			children = (
				B685D4BE2AF4F873005F9C33 /* HourlyForecastCollectionViewCell.swift */,
				B63CAC692AF7CD1D00CAFC23 /* DailyForecastCollectionViewCell.swift */,
				B6F0E6F22AF814FF006B3CC8 /* WindCollectionViewCell.swift */,
				B6CA3A442AFD6305003BEF55 /* WindMiniCellView.swift */,
				B6BBABCE2AF9647F00A25939 /* SquareCollectionViewCell.swift */,
				B6CA3A4F2B027399003BEF55 /* SquareItemView */,
			);
			path = Cells;
			sourceTree = "<group>";
		};
		B6CA3A462AFD63D7003BEF55 /* Helpers */ = {
			isa = PBXGroup;
			children = (
				B6CA3A322AFBAE9E003BEF55 /* VisibilityDescription.swift */,
				B6CA3A342AFBBBC0003BEF55 /* FeelsTemperatureDescription.swift */,
				B6CA3A402AFCE206003BEF55 /* ExpectedPrecipitation.swift */,
			);
			path = Helpers;
			sourceTree = "<group>";
		};
		B6CA3A4F2B027399003BEF55 /* SquareItemView */ = {
			isa = PBXGroup;
			children = (
				B6CA3A492AFD6D15003BEF55 /* SquareItemHeaderView.swift */,
				B6CA3A4B2B025B7E003BEF55 /* SquareItemFooterView.swift */,
				B6CA3A4D2B027392003BEF55 /* SquareItemMainView.swift */,
			);
			path = SquareItemView;
			sourceTree = "<group>";
		};
		D592CBC69FBB932F5B86243C /* Pods */ = {
			isa = PBXGroup;
			children = (
				4FC5082ED252028379C903A1 /* Pods-WeatherApp.debug.xcconfig */,
				BBCCBE7C76EA1B1018ECD4D7 /* Pods-WeatherApp.release.xcconfig */,
				B4E52C55376BD26C44D95C0F /* Pods-WeatherApp-WeatherAppUITests.debug.xcconfig */,
				F7C8A3587827DF5A7A00F1A6 /* Pods-WeatherApp-WeatherAppUITests.release.xcconfig */,
				A2D80A100E8935BDFBC6DE68 /* Pods-WeatherAppTests.debug.xcconfig */,
				1A5155FBE1165054DD5808A5 /* Pods-WeatherAppTests.release.xcconfig */,
			);
			path = Pods;
			sourceTree = "<group>";
		};
		D5E6EE4E01B4E54DE3E71B65 /* Frameworks */ = {
			isa = PBXGroup;
			children = (
				476B47FFE0A097661D5869F7 /* Pods_WeatherApp.framework */,
				E5124303D89632118117DAA3 /* Pods_WeatherApp_WeatherAppUITests.framework */,
				86C12DCE5853D0C305BB489B /* Pods_WeatherAppTests.framework */,
			);
			name = Frameworks;
			sourceTree = "<group>";
		};
/* End PBXGroup section */

/* Begin PBXNativeTarget section */
		B62342BF2AF25D8B00B49267 /* WeatherApp */ = {
			isa = PBXNativeTarget;
			buildConfigurationList = B62342ED2AF25D8D00B49267 /* Build configuration list for PBXNativeTarget "WeatherApp" */;
			buildPhases = (
				B7DE80B9806E981C4065C180 /* [CP] Check Pods Manifest.lock */,
				B62342BC2AF25D8B00B49267 /* Sources */,
				B62342BD2AF25D8B00B49267 /* Frameworks */,
				B62342BE2AF25D8B00B49267 /* Resources */,
				F1CA440C2290102A09504757 /* [CP] Embed Pods Frameworks */,
			);
			buildRules = (
			);
			dependencies = (
			);
			name = WeatherApp;
			productName = WeatherApp;
			productReference = B62342C02AF25D8B00B49267 /* WeatherApp.app */;
			productType = "com.apple.product-type.application";
		};
		B62342D82AF25D8D00B49267 /* WeatherAppTests */ = {
			isa = PBXNativeTarget;
			buildConfigurationList = B62342F02AF25D8D00B49267 /* Build configuration list for PBXNativeTarget "WeatherAppTests" */;
			buildPhases = (
				5A31EEE009E19A2BEEF4BDFF /* [CP] Check Pods Manifest.lock */,
				B62342D52AF25D8D00B49267 /* Sources */,
				B62342D62AF25D8D00B49267 /* Frameworks */,
				B62342D72AF25D8D00B49267 /* Resources */,
				8AC7B16DAEEB0F850ED2D71B /* [CP] Embed Pods Frameworks */,
			);
			buildRules = (
			);
			dependencies = (
				B62342DB2AF25D8D00B49267 /* PBXTargetDependency */,
			);
			name = WeatherAppTests;
			productName = WeatherAppTests;
			productReference = B62342D92AF25D8D00B49267 /* WeatherAppTests.xctest */;
			productType = "com.apple.product-type.bundle.unit-test";
		};
		B62342E22AF25D8D00B49267 /* WeatherAppUITests */ = {
			isa = PBXNativeTarget;
			buildConfigurationList = B62342F32AF25D8D00B49267 /* Build configuration list for PBXNativeTarget "WeatherAppUITests" */;
			buildPhases = (
				FF77C758AEB0723DA38955CF /* [CP] Check Pods Manifest.lock */,
				B62342DF2AF25D8D00B49267 /* Sources */,
				B62342E02AF25D8D00B49267 /* Frameworks */,
				B62342E12AF25D8D00B49267 /* Resources */,
				DC84C9CFC8EFD6AE77878B81 /* [CP] Embed Pods Frameworks */,
			);
			buildRules = (
			);
			dependencies = (
				B62342E52AF25D8D00B49267 /* PBXTargetDependency */,
			);
			name = WeatherAppUITests;
			productName = WeatherAppUITests;
			productReference = B62342E32AF25D8D00B49267 /* WeatherAppUITests.xctest */;
			productType = "com.apple.product-type.bundle.ui-testing";
		};
/* End PBXNativeTarget section */

/* Begin PBXProject section */
		B62342B82AF25D8B00B49267 /* Project object */ = {
			isa = PBXProject;
			attributes = {
				BuildIndependentTargetsInParallel = 1;
				LastSwiftUpdateCheck = 1500;
				LastUpgradeCheck = 1500;
				TargetAttributes = {
					B62342BF2AF25D8B00B49267 = {
						CreatedOnToolsVersion = 15.0;
					};
					B62342D82AF25D8D00B49267 = {
						CreatedOnToolsVersion = 15.0;
						TestTargetID = B62342BF2AF25D8B00B49267;
					};
					B62342E22AF25D8D00B49267 = {
						CreatedOnToolsVersion = 15.0;
						TestTargetID = B62342BF2AF25D8B00B49267;
					};
				};
			};
			buildConfigurationList = B62342BB2AF25D8B00B49267 /* Build configuration list for PBXProject "WeatherApp" */;
			compatibilityVersion = "Xcode 14.0";
			developmentRegion = en;
			hasScannedForEncodings = 0;
			knownRegions = (
				en,
				Base,
			);
			mainGroup = B62342B72AF25D8B00B49267;
			productRefGroup = B62342C12AF25D8B00B49267 /* Products */;
			projectDirPath = "";
			projectRoot = "";
			targets = (
				B62342BF2AF25D8B00B49267 /* WeatherApp */,
				B62342D82AF25D8D00B49267 /* WeatherAppTests */,
				B62342E22AF25D8D00B49267 /* WeatherAppUITests */,
			);
		};
/* End PBXProject section */

/* Begin PBXResourcesBuildPhase section */
		B62342BE2AF25D8B00B49267 /* Resources */ = {
			isa = PBXResourcesBuildPhase;
			buildActionMask = 2147483647;
			files = (
				B62342D32AF25D8D00B49267 /* LaunchScreen.storyboard in Resources */,
				B62342D02AF25D8D00B49267 /* Assets.xcassets in Resources */,
			);
			runOnlyForDeploymentPostprocessing = 0;
		};
		B62342D72AF25D8D00B49267 /* Resources */ = {
			isa = PBXResourcesBuildPhase;
			buildActionMask = 2147483647;
			files = (
			);
			runOnlyForDeploymentPostprocessing = 0;
		};
		B62342E12AF25D8D00B49267 /* Resources */ = {
			isa = PBXResourcesBuildPhase;
			buildActionMask = 2147483647;
			files = (
			);
			runOnlyForDeploymentPostprocessing = 0;
		};
/* End PBXResourcesBuildPhase section */

/* Begin PBXShellScriptBuildPhase section */
		5A31EEE009E19A2BEEF4BDFF /* [CP] Check Pods Manifest.lock */ = {
			isa = PBXShellScriptBuildPhase;
			buildActionMask = 2147483647;
			files = (
			);
			inputFileListPaths = (
			);
			inputPaths = (
				"${PODS_PODFILE_DIR_PATH}/Podfile.lock",
				"${PODS_ROOT}/Manifest.lock",
			);
			name = "[CP] Check Pods Manifest.lock";
			outputFileListPaths = (
			);
			outputPaths = (
				"$(DERIVED_FILE_DIR)/Pods-WeatherAppTests-checkManifestLockResult.txt",
			);
			runOnlyForDeploymentPostprocessing = 0;
			shellPath = /bin/sh;
			shellScript = "diff \"${PODS_PODFILE_DIR_PATH}/Podfile.lock\" \"${PODS_ROOT}/Manifest.lock\" > /dev/null\nif [ $? != 0 ] ; then\n    # print error to STDERR\n    echo \"error: The sandbox is not in sync with the Podfile.lock. Run 'pod install' or update your CocoaPods installation.\" >&2\n    exit 1\nfi\n# This output is used by Xcode 'outputs' to avoid re-running this script phase.\necho \"SUCCESS\" > \"${SCRIPT_OUTPUT_FILE_0}\"\n";
			showEnvVarsInLog = 0;
		};
		8AC7B16DAEEB0F850ED2D71B /* [CP] Embed Pods Frameworks */ = {
			isa = PBXShellScriptBuildPhase;
			buildActionMask = 2147483647;
			files = (
			);
			inputFileListPaths = (
				"${PODS_ROOT}/Target Support Files/Pods-WeatherAppTests/Pods-WeatherAppTests-frameworks-${CONFIGURATION}-input-files.xcfilelist",
			);
			name = "[CP] Embed Pods Frameworks";
			outputFileListPaths = (
				"${PODS_ROOT}/Target Support Files/Pods-WeatherAppTests/Pods-WeatherAppTests-frameworks-${CONFIGURATION}-output-files.xcfilelist",
			);
			runOnlyForDeploymentPostprocessing = 0;
			shellPath = /bin/sh;
			shellScript = "\"${PODS_ROOT}/Target Support Files/Pods-WeatherAppTests/Pods-WeatherAppTests-frameworks.sh\"\n";
			showEnvVarsInLog = 0;
		};
		B7DE80B9806E981C4065C180 /* [CP] Check Pods Manifest.lock */ = {
			isa = PBXShellScriptBuildPhase;
			buildActionMask = 2147483647;
			files = (
			);
			inputFileListPaths = (
			);
			inputPaths = (
				"${PODS_PODFILE_DIR_PATH}/Podfile.lock",
				"${PODS_ROOT}/Manifest.lock",
			);
			name = "[CP] Check Pods Manifest.lock";
			outputFileListPaths = (
			);
			outputPaths = (
				"$(DERIVED_FILE_DIR)/Pods-WeatherApp-checkManifestLockResult.txt",
			);
			runOnlyForDeploymentPostprocessing = 0;
			shellPath = /bin/sh;
			shellScript = "diff \"${PODS_PODFILE_DIR_PATH}/Podfile.lock\" \"${PODS_ROOT}/Manifest.lock\" > /dev/null\nif [ $? != 0 ] ; then\n    # print error to STDERR\n    echo \"error: The sandbox is not in sync with the Podfile.lock. Run 'pod install' or update your CocoaPods installation.\" >&2\n    exit 1\nfi\n# This output is used by Xcode 'outputs' to avoid re-running this script phase.\necho \"SUCCESS\" > \"${SCRIPT_OUTPUT_FILE_0}\"\n";
			showEnvVarsInLog = 0;
		};
		DC84C9CFC8EFD6AE77878B81 /* [CP] Embed Pods Frameworks */ = {
			isa = PBXShellScriptBuildPhase;
			buildActionMask = 2147483647;
			files = (
			);
			inputFileListPaths = (
				"${PODS_ROOT}/Target Support Files/Pods-WeatherApp-WeatherAppUITests/Pods-WeatherApp-WeatherAppUITests-frameworks-${CONFIGURATION}-input-files.xcfilelist",
			);
			name = "[CP] Embed Pods Frameworks";
			outputFileListPaths = (
				"${PODS_ROOT}/Target Support Files/Pods-WeatherApp-WeatherAppUITests/Pods-WeatherApp-WeatherAppUITests-frameworks-${CONFIGURATION}-output-files.xcfilelist",
			);
			runOnlyForDeploymentPostprocessing = 0;
			shellPath = /bin/sh;
			shellScript = "\"${PODS_ROOT}/Target Support Files/Pods-WeatherApp-WeatherAppUITests/Pods-WeatherApp-WeatherAppUITests-frameworks.sh\"\n";
			showEnvVarsInLog = 0;
		};
		F1CA440C2290102A09504757 /* [CP] Embed Pods Frameworks */ = {
			isa = PBXShellScriptBuildPhase;
			buildActionMask = 2147483647;
			files = (
			);
			inputFileListPaths = (
				"${PODS_ROOT}/Target Support Files/Pods-WeatherApp/Pods-WeatherApp-frameworks-${CONFIGURATION}-input-files.xcfilelist",
			);
			name = "[CP] Embed Pods Frameworks";
			outputFileListPaths = (
				"${PODS_ROOT}/Target Support Files/Pods-WeatherApp/Pods-WeatherApp-frameworks-${CONFIGURATION}-output-files.xcfilelist",
			);
			runOnlyForDeploymentPostprocessing = 0;
			shellPath = /bin/sh;
			shellScript = "\"${PODS_ROOT}/Target Support Files/Pods-WeatherApp/Pods-WeatherApp-frameworks.sh\"\n";
			showEnvVarsInLog = 0;
		};
		FF77C758AEB0723DA38955CF /* [CP] Check Pods Manifest.lock */ = {
			isa = PBXShellScriptBuildPhase;
			buildActionMask = 2147483647;
			files = (
			);
			inputFileListPaths = (
			);
			inputPaths = (
				"${PODS_PODFILE_DIR_PATH}/Podfile.lock",
				"${PODS_ROOT}/Manifest.lock",
			);
			name = "[CP] Check Pods Manifest.lock";
			outputFileListPaths = (
			);
			outputPaths = (
				"$(DERIVED_FILE_DIR)/Pods-WeatherApp-WeatherAppUITests-checkManifestLockResult.txt",
			);
			runOnlyForDeploymentPostprocessing = 0;
			shellPath = /bin/sh;
			shellScript = "diff \"${PODS_PODFILE_DIR_PATH}/Podfile.lock\" \"${PODS_ROOT}/Manifest.lock\" > /dev/null\nif [ $? != 0 ] ; then\n    # print error to STDERR\n    echo \"error: The sandbox is not in sync with the Podfile.lock. Run 'pod install' or update your CocoaPods installation.\" >&2\n    exit 1\nfi\n# This output is used by Xcode 'outputs' to avoid re-running this script phase.\necho \"SUCCESS\" > \"${SCRIPT_OUTPUT_FILE_0}\"\n";
			showEnvVarsInLog = 0;
		};
/* End PBXShellScriptBuildPhase section */

/* Begin PBXSourcesBuildPhase section */
		B62342BC2AF25D8B00B49267 /* Sources */ = {
			isa = PBXSourcesBuildPhase;
			buildActionMask = 2147483647;
			files = (
				B623430B2AF27BD000B49267 /* CitiesViewController.swift in Sources */,
				B623430D2AF27BDC00B49267 /* CitiesViewModel.swift in Sources */,
				B6CA3A312AFBA45A003BEF55 /* VisibilityItem.swift in Sources */,
				B62343182AF28FC800B49267 /* CurrentWeather.swift in Sources */,
				B6CA3A3B2AFC2267003BEF55 /* HumidityItem.swift in Sources */,
				B63CAC6A2AF7CD1D00CAFC23 /* DailyForecastCollectionViewCell.swift in Sources */,
				B6CA3A332AFBAE9E003BEF55 /* VisibilityDescription.swift in Sources */,
				B62343162AF28D2900B49267 /* NetworkRouter.swift in Sources */,
				B6CA3A412AFCE206003BEF55 /* ExpectedPrecipitation.swift in Sources */,
				B6CA3A3F2AFCD766003BEF55 /* PrecipitationItem.swift in Sources */,
				B62343202AF3E95000B49267 /* DailyForecast.swift in Sources */,
				B6CA3A3D2AFC26B8003BEF55 /* PressureItem.swift in Sources */,
				B6CA3A4A2AFD6D15003BEF55 /* SquareItemHeaderView.swift in Sources */,
				B62343272AF3F8F700B49267 /* DailyForecastItem.swift in Sources */,
				B62342FA2AF2789000B49267 /* AppCoordinator.swift in Sources */,
				B623431A2AF3D7C900B49267 /* HourlyForecastsInfo.swift in Sources */,
				B6CA3A392AFC1CD5003BEF55 /* SunItem.swift in Sources */,
				B62342CE2AF25D8B00B49267 /* WeatherApp.xcdatamodeld in Sources */,
				B62343042AF279A700B49267 /* WeatherCoordinator.swift in Sources */,
				B63CAC662AF7C49700CAFC23 /* WeatherLineView.swift in Sources */,
				B63CAC612AF7B64200CAFC23 /* SupplementaryViewKind.swift in Sources */,
				B62342C82AF25D8B00B49267 /* ViewController.swift in Sources */,
				B62342F82AF2781100B49267 /* Coordinator.swift in Sources */,
				B623431E2AF3E93500B49267 /* DailyForecastsInfo.swift in Sources */,
				B62343002AF2792800B49267 /* WeatherViewController.swift in Sources */,
				B685D4C52AF643F1005F9C33 /* WeatherSectionIdentifier.swift in Sources */,
				B685D4C72AF645F2005F9C33 /* WeatherItemIdentifier.swift in Sources */,
				B6CA3A452AFD6305003BEF55 /* WindMiniCellView.swift in Sources */,
				B64E3C202AF65A7500C55AB4 /* WeatherSectionHeaderView.swift in Sources */,
				B6BBABCF2AF9647F00A25939 /* SquareCollectionViewCell.swift in Sources */,
				B6CA3A4E2B027392003BEF55 /* SquareItemMainView.swift in Sources */,
				B6F0E6F32AF814FF006B3CC8 /* WindCollectionViewCell.swift in Sources */,
				B62343222AF3F33F00B49267 /* WeatherItem.swift in Sources */,
				B62343252AF3F8B200B49267 /* HourlyForecastItem.swift in Sources */,
				B685D4C32AF53F0F005F9C33 /* WeatherIDtoIconNameMapping.swift in Sources */,
				B63CAC5D2AF7B44900CAFC23 /* WeatherSectionBackgroundView.swift in Sources */,
				B62343022AF2793800B49267 /* WeatherViewModel.swift in Sources */,
				B685D4BF2AF4F873005F9C33 /* HourlyForecastCollectionViewCell.swift in Sources */,
				B6CA3A352AFBBBC1003BEF55 /* FeelsTemperatureDescription.swift in Sources */,
				B62343062AF27B8D00B49267 /* CitiesCoordinator.swift in Sources */,
				B6CA3A372AFC17B3003BEF55 /* SquareItemIdentifier.swift in Sources */,
				B62342C42AF25D8B00B49267 /* AppDelegate.swift in Sources */,
				B6BBABD12AF96C6A00A25939 /* FeelsTemperatureItem.swift in Sources */,
				B62343142AF28CFB00B49267 /* Constants.swift in Sources */,
				B6CA3A432AFD1575003BEF55 /* WindItem.swift in Sources */,
				B63CAC642AF7B91800CAFC23 /* DecorationViewKind.swift in Sources */,
				B623431C2AF3D7EA00B49267 /* HourlyForecast.swift in Sources */,
				B6CA3A4C2B025B7E003BEF55 /* SquareItemFooterView.swift in Sources */,
				B62343102AF28C9500B49267 /* NetworkService.swift in Sources */,
				B62342C62AF25D8B00B49267 /* SceneDelegate.swift in Sources */,
			);
			runOnlyForDeploymentPostprocessing = 0;
		};
		B62342D52AF25D8D00B49267 /* Sources */ = {
			isa = PBXSourcesBuildPhase;
			buildActionMask = 2147483647;
			files = (
				B62342DE2AF25D8D00B49267 /* WeatherAppTests.swift in Sources */,
			);
			runOnlyForDeploymentPostprocessing = 0;
		};
		B62342DF2AF25D8D00B49267 /* Sources */ = {
			isa = PBXSourcesBuildPhase;
			buildActionMask = 2147483647;
			files = (
				B62342E82AF25D8D00B49267 /* WeatherAppUITests.swift in Sources */,
				B62342EA2AF25D8D00B49267 /* WeatherAppUITestsLaunchTests.swift in Sources */,
			);
			runOnlyForDeploymentPostprocessing = 0;
		};
/* End PBXSourcesBuildPhase section */

/* Begin PBXTargetDependency section */
		B62342DB2AF25D8D00B49267 /* PBXTargetDependency */ = {
			isa = PBXTargetDependency;
			target = B62342BF2AF25D8B00B49267 /* WeatherApp */;
			targetProxy = B62342DA2AF25D8D00B49267 /* PBXContainerItemProxy */;
		};
		B62342E52AF25D8D00B49267 /* PBXTargetDependency */ = {
			isa = PBXTargetDependency;
			target = B62342BF2AF25D8B00B49267 /* WeatherApp */;
			targetProxy = B62342E42AF25D8D00B49267 /* PBXContainerItemProxy */;
		};
/* End PBXTargetDependency section */

/* Begin PBXVariantGroup section */
		B62342D12AF25D8D00B49267 /* LaunchScreen.storyboard */ = {
			isa = PBXVariantGroup;
			children = (
				B62342D22AF25D8D00B49267 /* Base */,
			);
			name = LaunchScreen.storyboard;
			sourceTree = "<group>";
		};
/* End PBXVariantGroup section */

/* Begin XCBuildConfiguration section */
		B62342EB2AF25D8D00B49267 /* Debug */ = {
			isa = XCBuildConfiguration;
			buildSettings = {
				ALWAYS_SEARCH_USER_PATHS = NO;
				ASSETCATALOG_COMPILER_GENERATE_SWIFT_ASSET_SYMBOL_EXTENSIONS = YES;
				CLANG_ANALYZER_NONNULL = YES;
				CLANG_ANALYZER_NUMBER_OBJECT_CONVERSION = YES_AGGRESSIVE;
				CLANG_CXX_LANGUAGE_STANDARD = "gnu++20";
				CLANG_ENABLE_MODULES = YES;
				CLANG_ENABLE_OBJC_ARC = YES;
				CLANG_ENABLE_OBJC_WEAK = YES;
				CLANG_WARN_BLOCK_CAPTURE_AUTORELEASING = YES;
				CLANG_WARN_BOOL_CONVERSION = YES;
				CLANG_WARN_COMMA = YES;
				CLANG_WARN_CONSTANT_CONVERSION = YES;
				CLANG_WARN_DEPRECATED_OBJC_IMPLEMENTATIONS = YES;
				CLANG_WARN_DIRECT_OBJC_ISA_USAGE = YES_ERROR;
				CLANG_WARN_DOCUMENTATION_COMMENTS = YES;
				CLANG_WARN_EMPTY_BODY = YES;
				CLANG_WARN_ENUM_CONVERSION = YES;
				CLANG_WARN_INFINITE_RECURSION = YES;
				CLANG_WARN_INT_CONVERSION = YES;
				CLANG_WARN_NON_LITERAL_NULL_CONVERSION = YES;
				CLANG_WARN_OBJC_IMPLICIT_RETAIN_SELF = YES;
				CLANG_WARN_OBJC_LITERAL_CONVERSION = YES;
				CLANG_WARN_OBJC_ROOT_CLASS = YES_ERROR;
				CLANG_WARN_QUOTED_INCLUDE_IN_FRAMEWORK_HEADER = YES;
				CLANG_WARN_RANGE_LOOP_ANALYSIS = YES;
				CLANG_WARN_STRICT_PROTOTYPES = YES;
				CLANG_WARN_SUSPICIOUS_MOVE = YES;
				CLANG_WARN_UNGUARDED_AVAILABILITY = YES_AGGRESSIVE;
				CLANG_WARN_UNREACHABLE_CODE = YES;
				CLANG_WARN__DUPLICATE_METHOD_MATCH = YES;
				COPY_PHASE_STRIP = NO;
				DEBUG_INFORMATION_FORMAT = dwarf;
				ENABLE_STRICT_OBJC_MSGSEND = YES;
				ENABLE_TESTABILITY = YES;
				ENABLE_USER_SCRIPT_SANDBOXING = NO;
				GCC_C_LANGUAGE_STANDARD = gnu17;
				GCC_DYNAMIC_NO_PIC = NO;
				GCC_NO_COMMON_BLOCKS = YES;
				GCC_OPTIMIZATION_LEVEL = 0;
				GCC_PREPROCESSOR_DEFINITIONS = (
					"DEBUG=1",
					"$(inherited)",
				);
				GCC_WARN_64_TO_32_BIT_CONVERSION = YES;
				GCC_WARN_ABOUT_RETURN_TYPE = YES_ERROR;
				GCC_WARN_UNDECLARED_SELECTOR = YES;
				GCC_WARN_UNINITIALIZED_AUTOS = YES_AGGRESSIVE;
				GCC_WARN_UNUSED_FUNCTION = YES;
				GCC_WARN_UNUSED_VARIABLE = YES;
				IPHONEOS_DEPLOYMENT_TARGET = 17.0;
				LOCALIZATION_PREFERS_STRING_CATALOGS = YES;
				MTL_ENABLE_DEBUG_INFO = INCLUDE_SOURCE;
				MTL_FAST_MATH = YES;
				ONLY_ACTIVE_ARCH = YES;
				SDKROOT = iphoneos;
				SWIFT_ACTIVE_COMPILATION_CONDITIONS = "DEBUG $(inherited)";
				SWIFT_OPTIMIZATION_LEVEL = "-Onone";
			};
			name = Debug;
		};
		B62342EC2AF25D8D00B49267 /* Release */ = {
			isa = XCBuildConfiguration;
			buildSettings = {
				ALWAYS_SEARCH_USER_PATHS = NO;
				ASSETCATALOG_COMPILER_GENERATE_SWIFT_ASSET_SYMBOL_EXTENSIONS = YES;
				CLANG_ANALYZER_NONNULL = YES;
				CLANG_ANALYZER_NUMBER_OBJECT_CONVERSION = YES_AGGRESSIVE;
				CLANG_CXX_LANGUAGE_STANDARD = "gnu++20";
				CLANG_ENABLE_MODULES = YES;
				CLANG_ENABLE_OBJC_ARC = YES;
				CLANG_ENABLE_OBJC_WEAK = YES;
				CLANG_WARN_BLOCK_CAPTURE_AUTORELEASING = YES;
				CLANG_WARN_BOOL_CONVERSION = YES;
				CLANG_WARN_COMMA = YES;
				CLANG_WARN_CONSTANT_CONVERSION = YES;
				CLANG_WARN_DEPRECATED_OBJC_IMPLEMENTATIONS = YES;
				CLANG_WARN_DIRECT_OBJC_ISA_USAGE = YES_ERROR;
				CLANG_WARN_DOCUMENTATION_COMMENTS = YES;
				CLANG_WARN_EMPTY_BODY = YES;
				CLANG_WARN_ENUM_CONVERSION = YES;
				CLANG_WARN_INFINITE_RECURSION = YES;
				CLANG_WARN_INT_CONVERSION = YES;
				CLANG_WARN_NON_LITERAL_NULL_CONVERSION = YES;
				CLANG_WARN_OBJC_IMPLICIT_RETAIN_SELF = YES;
				CLANG_WARN_OBJC_LITERAL_CONVERSION = YES;
				CLANG_WARN_OBJC_ROOT_CLASS = YES_ERROR;
				CLANG_WARN_QUOTED_INCLUDE_IN_FRAMEWORK_HEADER = YES;
				CLANG_WARN_RANGE_LOOP_ANALYSIS = YES;
				CLANG_WARN_STRICT_PROTOTYPES = YES;
				CLANG_WARN_SUSPICIOUS_MOVE = YES;
				CLANG_WARN_UNGUARDED_AVAILABILITY = YES_AGGRESSIVE;
				CLANG_WARN_UNREACHABLE_CODE = YES;
				CLANG_WARN__DUPLICATE_METHOD_MATCH = YES;
				COPY_PHASE_STRIP = NO;
				DEBUG_INFORMATION_FORMAT = "dwarf-with-dsym";
				ENABLE_NS_ASSERTIONS = NO;
				ENABLE_STRICT_OBJC_MSGSEND = YES;
				ENABLE_USER_SCRIPT_SANDBOXING = NO;
				GCC_C_LANGUAGE_STANDARD = gnu17;
				GCC_NO_COMMON_BLOCKS = YES;
				GCC_WARN_64_TO_32_BIT_CONVERSION = YES;
				GCC_WARN_ABOUT_RETURN_TYPE = YES_ERROR;
				GCC_WARN_UNDECLARED_SELECTOR = YES;
				GCC_WARN_UNINITIALIZED_AUTOS = YES_AGGRESSIVE;
				GCC_WARN_UNUSED_FUNCTION = YES;
				GCC_WARN_UNUSED_VARIABLE = YES;
				IPHONEOS_DEPLOYMENT_TARGET = 17.0;
				LOCALIZATION_PREFERS_STRING_CATALOGS = YES;
				MTL_ENABLE_DEBUG_INFO = NO;
				MTL_FAST_MATH = YES;
				SDKROOT = iphoneos;
				SWIFT_COMPILATION_MODE = wholemodule;
				VALIDATE_PRODUCT = YES;
			};
			name = Release;
		};
		B62342EE2AF25D8D00B49267 /* Debug */ = {
			isa = XCBuildConfiguration;
			baseConfigurationReference = 4FC5082ED252028379C903A1 /* Pods-WeatherApp.debug.xcconfig */;
			buildSettings = {
				ASSETCATALOG_COMPILER_APPICON_NAME = AppIcon;
				ASSETCATALOG_COMPILER_GLOBAL_ACCENT_COLOR_NAME = AccentColor;
				CODE_SIGN_STYLE = Automatic;
				CURRENT_PROJECT_VERSION = 1;
				DEVELOPMENT_TEAM = P433G7GD7J;
				GENERATE_INFOPLIST_FILE = YES;
				INFOPLIST_FILE = WeatherApp/Info.plist;
				INFOPLIST_KEY_CFBundleDisplayName = WeatherApp;
				INFOPLIST_KEY_LSApplicationCategoryType = "public.app-category.weather";
				INFOPLIST_KEY_UIApplicationSupportsIndirectInputEvents = YES;
				INFOPLIST_KEY_UILaunchStoryboardName = LaunchScreen;
				INFOPLIST_KEY_UIMainStoryboardFile = "";
				INFOPLIST_KEY_UISupportedInterfaceOrientations = "UIInterfaceOrientationLandscapeLeft UIInterfaceOrientationLandscapeRight UIInterfaceOrientationPortrait UIInterfaceOrientationPortraitUpsideDown";
				IPHONEOS_DEPLOYMENT_TARGET = 13.0;
				LD_RUNPATH_SEARCH_PATHS = (
					"$(inherited)",
					"@executable_path/Frameworks",
				);
				MARKETING_VERSION = 1.0;
				PRODUCT_BUNDLE_IDENTIFIER = com.shabalin13.WeatherApp;
				PRODUCT_NAME = "$(TARGET_NAME)";
				SUPPORTED_PLATFORMS = "iphoneos iphonesimulator";
				SUPPORTS_MACCATALYST = NO;
				SUPPORTS_MAC_DESIGNED_FOR_IPHONE_IPAD = NO;
				SWIFT_EMIT_LOC_STRINGS = YES;
				SWIFT_VERSION = 5.0;
				TARGETED_DEVICE_FAMILY = 1;
			};
			name = Debug;
		};
		B62342EF2AF25D8D00B49267 /* Release */ = {
			isa = XCBuildConfiguration;
			baseConfigurationReference = BBCCBE7C76EA1B1018ECD4D7 /* Pods-WeatherApp.release.xcconfig */;
			buildSettings = {
				ASSETCATALOG_COMPILER_APPICON_NAME = AppIcon;
				ASSETCATALOG_COMPILER_GLOBAL_ACCENT_COLOR_NAME = AccentColor;
				CODE_SIGN_STYLE = Automatic;
				CURRENT_PROJECT_VERSION = 1;
				DEVELOPMENT_TEAM = P433G7GD7J;
				GENERATE_INFOPLIST_FILE = YES;
				INFOPLIST_FILE = WeatherApp/Info.plist;
				INFOPLIST_KEY_CFBundleDisplayName = WeatherApp;
				INFOPLIST_KEY_LSApplicationCategoryType = "public.app-category.weather";
				INFOPLIST_KEY_UIApplicationSupportsIndirectInputEvents = YES;
				INFOPLIST_KEY_UILaunchStoryboardName = LaunchScreen;
				INFOPLIST_KEY_UIMainStoryboardFile = "";
				INFOPLIST_KEY_UISupportedInterfaceOrientations = "UIInterfaceOrientationLandscapeLeft UIInterfaceOrientationLandscapeRight UIInterfaceOrientationPortrait UIInterfaceOrientationPortraitUpsideDown";
				IPHONEOS_DEPLOYMENT_TARGET = 13.0;
				LD_RUNPATH_SEARCH_PATHS = (
					"$(inherited)",
					"@executable_path/Frameworks",
				);
				MARKETING_VERSION = 1.0;
				PRODUCT_BUNDLE_IDENTIFIER = com.shabalin13.WeatherApp;
				PRODUCT_NAME = "$(TARGET_NAME)";
				SUPPORTED_PLATFORMS = "iphoneos iphonesimulator";
				SUPPORTS_MACCATALYST = NO;
				SUPPORTS_MAC_DESIGNED_FOR_IPHONE_IPAD = NO;
				SWIFT_EMIT_LOC_STRINGS = YES;
				SWIFT_VERSION = 5.0;
				TARGETED_DEVICE_FAMILY = 1;
			};
			name = Release;
		};
		B62342F12AF25D8D00B49267 /* Debug */ = {
			isa = XCBuildConfiguration;
			baseConfigurationReference = A2D80A100E8935BDFBC6DE68 /* Pods-WeatherAppTests.debug.xcconfig */;
			buildSettings = {
				ALWAYS_EMBED_SWIFT_STANDARD_LIBRARIES = YES;
				BUNDLE_LOADER = "$(TEST_HOST)";
				CODE_SIGN_STYLE = Automatic;
				CURRENT_PROJECT_VERSION = 1;
				DEVELOPMENT_TEAM = P433G7GD7J;
				GENERATE_INFOPLIST_FILE = YES;
				IPHONEOS_DEPLOYMENT_TARGET = 13.0;
				MARKETING_VERSION = 1.0;
				PRODUCT_BUNDLE_IDENTIFIER = com.shabalin13.WeatherAppTests;
				PRODUCT_NAME = "$(TARGET_NAME)";
				SUPPORTED_PLATFORMS = "iphoneos iphonesimulator";
				SUPPORTS_MACCATALYST = NO;
				SUPPORTS_MAC_DESIGNED_FOR_IPHONE_IPAD = NO;
				SWIFT_EMIT_LOC_STRINGS = NO;
				SWIFT_VERSION = 5.0;
				TARGETED_DEVICE_FAMILY = 1;
				TEST_HOST = "$(BUILT_PRODUCTS_DIR)/WeatherApp.app/$(BUNDLE_EXECUTABLE_FOLDER_PATH)/WeatherApp";
			};
			name = Debug;
		};
		B62342F22AF25D8D00B49267 /* Release */ = {
			isa = XCBuildConfiguration;
			baseConfigurationReference = 1A5155FBE1165054DD5808A5 /* Pods-WeatherAppTests.release.xcconfig */;
			buildSettings = {
				ALWAYS_EMBED_SWIFT_STANDARD_LIBRARIES = YES;
				BUNDLE_LOADER = "$(TEST_HOST)";
				CODE_SIGN_STYLE = Automatic;
				CURRENT_PROJECT_VERSION = 1;
				DEVELOPMENT_TEAM = P433G7GD7J;
				GENERATE_INFOPLIST_FILE = YES;
				IPHONEOS_DEPLOYMENT_TARGET = 13.0;
				MARKETING_VERSION = 1.0;
				PRODUCT_BUNDLE_IDENTIFIER = com.shabalin13.WeatherAppTests;
				PRODUCT_NAME = "$(TARGET_NAME)";
				SUPPORTED_PLATFORMS = "iphoneos iphonesimulator";
				SUPPORTS_MACCATALYST = NO;
				SUPPORTS_MAC_DESIGNED_FOR_IPHONE_IPAD = NO;
				SWIFT_EMIT_LOC_STRINGS = NO;
				SWIFT_VERSION = 5.0;
				TARGETED_DEVICE_FAMILY = 1;
				TEST_HOST = "$(BUILT_PRODUCTS_DIR)/WeatherApp.app/$(BUNDLE_EXECUTABLE_FOLDER_PATH)/WeatherApp";
			};
			name = Release;
		};
		B62342F42AF25D8D00B49267 /* Debug */ = {
			isa = XCBuildConfiguration;
			baseConfigurationReference = B4E52C55376BD26C44D95C0F /* Pods-WeatherApp-WeatherAppUITests.debug.xcconfig */;
			buildSettings = {
				ALWAYS_EMBED_SWIFT_STANDARD_LIBRARIES = YES;
				CODE_SIGN_STYLE = Automatic;
				CURRENT_PROJECT_VERSION = 1;
				DEVELOPMENT_TEAM = P433G7GD7J;
				GENERATE_INFOPLIST_FILE = YES;
				IPHONEOS_DEPLOYMENT_TARGET = 13.0;
				MARKETING_VERSION = 1.0;
				PRODUCT_BUNDLE_IDENTIFIER = com.shabalin13.WeatherAppUITests;
				PRODUCT_NAME = "$(TARGET_NAME)";
				SUPPORTED_PLATFORMS = "iphoneos iphonesimulator";
				SUPPORTS_MACCATALYST = NO;
				SUPPORTS_MAC_DESIGNED_FOR_IPHONE_IPAD = NO;
				SWIFT_EMIT_LOC_STRINGS = NO;
				SWIFT_VERSION = 5.0;
				TARGETED_DEVICE_FAMILY = 1;
				TEST_TARGET_NAME = WeatherApp;
			};
			name = Debug;
		};
		B62342F52AF25D8D00B49267 /* Release */ = {
			isa = XCBuildConfiguration;
			baseConfigurationReference = F7C8A3587827DF5A7A00F1A6 /* Pods-WeatherApp-WeatherAppUITests.release.xcconfig */;
			buildSettings = {
				ALWAYS_EMBED_SWIFT_STANDARD_LIBRARIES = YES;
				CODE_SIGN_STYLE = Automatic;
				CURRENT_PROJECT_VERSION = 1;
				DEVELOPMENT_TEAM = P433G7GD7J;
				GENERATE_INFOPLIST_FILE = YES;
				IPHONEOS_DEPLOYMENT_TARGET = 13.0;
				MARKETING_VERSION = 1.0;
				PRODUCT_BUNDLE_IDENTIFIER = com.shabalin13.WeatherAppUITests;
				PRODUCT_NAME = "$(TARGET_NAME)";
				SUPPORTED_PLATFORMS = "iphoneos iphonesimulator";
				SUPPORTS_MACCATALYST = NO;
				SUPPORTS_MAC_DESIGNED_FOR_IPHONE_IPAD = NO;
				SWIFT_EMIT_LOC_STRINGS = NO;
				SWIFT_VERSION = 5.0;
				TARGETED_DEVICE_FAMILY = 1;
				TEST_TARGET_NAME = WeatherApp;
			};
			name = Release;
		};
/* End XCBuildConfiguration section */

/* Begin XCConfigurationList section */
		B62342BB2AF25D8B00B49267 /* Build configuration list for PBXProject "WeatherApp" */ = {
			isa = XCConfigurationList;
			buildConfigurations = (
				B62342EB2AF25D8D00B49267 /* Debug */,
				B62342EC2AF25D8D00B49267 /* Release */,
			);
			defaultConfigurationIsVisible = 0;
			defaultConfigurationName = Release;
		};
		B62342ED2AF25D8D00B49267 /* Build configuration list for PBXNativeTarget "WeatherApp" */ = {
			isa = XCConfigurationList;
			buildConfigurations = (
				B62342EE2AF25D8D00B49267 /* Debug */,
				B62342EF2AF25D8D00B49267 /* Release */,
			);
			defaultConfigurationIsVisible = 0;
			defaultConfigurationName = Release;
		};
		B62342F02AF25D8D00B49267 /* Build configuration list for PBXNativeTarget "WeatherAppTests" */ = {
			isa = XCConfigurationList;
			buildConfigurations = (
				B62342F12AF25D8D00B49267 /* Debug */,
				B62342F22AF25D8D00B49267 /* Release */,
			);
			defaultConfigurationIsVisible = 0;
			defaultConfigurationName = Release;
		};
		B62342F32AF25D8D00B49267 /* Build configuration list for PBXNativeTarget "WeatherAppUITests" */ = {
			isa = XCConfigurationList;
			buildConfigurations = (
				B62342F42AF25D8D00B49267 /* Debug */,
				B62342F52AF25D8D00B49267 /* Release */,
			);
			defaultConfigurationIsVisible = 0;
			defaultConfigurationName = Release;
		};
/* End XCConfigurationList section */

/* Begin XCVersionGroup section */
		B62342CC2AF25D8B00B49267 /* WeatherApp.xcdatamodeld */ = {
			isa = XCVersionGroup;
			children = (
				B62342CD2AF25D8B00B49267 /* WeatherApp.xcdatamodel */,
			);
			currentVersion = B62342CD2AF25D8B00B49267 /* WeatherApp.xcdatamodel */;
			path = WeatherApp.xcdatamodeld;
			sourceTree = "<group>";
			versionGroupType = wrapper.xcdatamodel;
		};
/* End XCVersionGroup section */
	};
	rootObject = B62342B82AF25D8B00B49267 /* Project object */;
}
